
Microsoft Visual Studio Solution File, Format Version 12.00
# Visual Studio 15
VisualStudioVersion = 15.0.26730.8
MinimumVisualStudioVersion = 10.0.40219.1
Project("{FAE04EC0-301F-11D3-BF4B-00C04F79EFBC}") = "Barman", "Barman.csproj", "{4652ED97-F4AD-45F3-9167-4DAA525E2751}"
EndProject
Global
	GlobalSection(SolutionConfigurationPlatforms) = preSolution
		Debug|Any CPU = Debug|Any CPU
		Release|Any CPU = Release|Any CPU
	EndGlobalSection
	GlobalSection(ProjectConfigurationPlatforms) = postSolution
		{4652ED97-F4AD-45F3-9167-4DAA525E2751}.Debug|Any CPU.ActiveCfg = Debug|Any CPU
		{4652ED97-F4AD-45F3-9167-4DAA525E2751}.Debug|Any CPU.Build.0 = Debug|Any CPU
		{4652ED97-F4AD-45F3-9167-4DAA525E2751}.Release|Any CPU.ActiveCfg = Release|Any CPU
		{4652ED97-F4AD-45F3-9167-4DAA525E2751}.Release|Any CPU.Build.0 = Release|Any CPU
	EndGlobalSection
	GlobalSection(SolutionProperties) = preSolution
		HideSolutionNode = FALSE
	EndGlobalSection
	GlobalSection(ExtensibilityGlobals) = postSolution
		SolutionGuid = {9D2B543A-178A-4A3D-BD5F-7080391FE813}
	EndGlobalSection
EndGlobal
